
Microsoft Visual Studio Solution File, Format Version 12.00
# Visual Studio 15
VisualStudioVersion = 15.0.28307.1062
MinimumVisualStudioVersion = 10.0.40219.1
Project("{FAE04EC0-301F-11D3-BF4B-00C04F79EFBC}") = "WindowsFormsApp1", "WindowsFormsApp1\WindowsFormsApp1.csproj", "{11ECAB5B-38A9-437A-9FCB-74C1A878A708}"
EndProject
Global
	GlobalSection(SolutionConfigurationPlatforms) = preSolution
		Debug|Any CPU = Debug|Any CPU
		Debug|x64 = Debug|x64
		Release|Any CPU = Release|Any CPU
		Release|x64 = Release|x64
	EndGlobalSection
	GlobalSection(ProjectConfigurationPlatforms) = postSolution
		{11ECAB5B-38A9-437A-9FCB-74C1A878A708}.Debug|Any CPU.ActiveCfg = Debug|Any CPU
		{11ECAB5B-38A9-437A-9FCB-74C1A878A708}.Debug|Any CPU.Build.0 = Debug|Any CPU
		{11ECAB5B-38A9-437A-9FCB-74C1A878A708}.Debug|x64.ActiveCfg = Debug|x64
		{11ECAB5B-38A9-437A-9FCB-74C1A878A708}.Debug|x64.Build.0 = Debug|x64
		{11ECAB5B-38A9-437A-9FCB-74C1A878A708}.Release|Any CPU.ActiveCfg = Release|Any CPU
		{11ECAB5B-38A9-437A-9FCB-74C1A878A708}.Release|Any CPU.Build.0 = Release|Any CPU
		{11ECAB5B-38A9-437A-9FCB-74C1A878A708}.Release|x64.ActiveCfg = Release|x64
		{11ECAB5B-38A9-437A-9FCB-74C1A878A708}.Release|x64.Build.0 = Release|x64
	EndGlobalSection
	GlobalSection(SolutionProperties) = preSolution
		HideSolutionNode = FALSE
	EndGlobalSection
	GlobalSection(ExtensibilityGlobals) = postSolution
		SolutionGuid = {1A77261C-9B0C-4E05-A48D-96A5784D1390}
	EndGlobalSection
EndGlobal
